
Microsoft Visual Studio Solution File, Format Version 12.00
# Visual Studio 15
VisualStudioVersion = 15.0.28307.852
MinimumVisualStudioVersion = 10.0.40219.1
Project("{8BC9CEB8-8B4A-11D0-8D11-00A0C91BC942}") = "시프트연산자", "시프트연산자\시프트연산자.vcxproj", "{5FAF8ADE-40B4-4F0A-9DB1-FE3E3D4D8DAD}"
EndProject
Global
	GlobalSection(SolutionConfigurationPlatforms) = preSolution
		Debug|x64 = Debug|x64
		Debug|x86 = Debug|x86
		Release|x64 = Release|x64
		Release|x86 = Release|x86
	EndGlobalSection
	GlobalSection(ProjectConfigurationPlatforms) = postSolution
		{5FAF8ADE-40B4-4F0A-9DB1-FE3E3D4D8DAD}.Debug|x64.ActiveCfg = Debug|x64
		{5FAF8ADE-40B4-4F0A-9DB1-FE3E3D4D8DAD}.Debug|x64.Build.0 = Debug|x64
		{5FAF8ADE-40B4-4F0A-9DB1-FE3E3D4D8DAD}.Debug|x86.ActiveCfg = Debug|Win32
		{5FAF8ADE-40B4-4F0A-9DB1-FE3E3D4D8DAD}.Debug|x86.Build.0 = Debug|Win32
		{5FAF8ADE-40B4-4F0A-9DB1-FE3E3D4D8DAD}.Release|x64.ActiveCfg = Release|x64
		{5FAF8ADE-40B4-4F0A-9DB1-FE3E3D4D8DAD}.Release|x64.Build.0 = Release|x64
		{5FAF8ADE-40B4-4F0A-9DB1-FE3E3D4D8DAD}.Release|x86.ActiveCfg = Release|Win32
		{5FAF8ADE-40B4-4F0A-9DB1-FE3E3D4D8DAD}.Release|x86.Build.0 = Release|Win32
	EndGlobalSection
	GlobalSection(SolutionProperties) = preSolution
		HideSolutionNode = FALSE
	EndGlobalSection
	GlobalSection(ExtensibilityGlobals) = postSolution
		SolutionGuid = {CC784108-B263-45F9-80CE-ADCEAA84F151}
	EndGlobalSection
EndGlobal
